{
  "pins" : [
    {
      "identity" : "geos",
      "kind" : "remoteSourceControl",
      "location" : "https://github.com/GEOSwift/geos.git",
      "state" : {
        "revision" : "f510e634c822116fca615064d889300dba40d761",
        "version" : "8.1.0"
      }
    },
    {
      "identity" : "geoswift",
      "kind" : "remoteSourceControl",
      "location" : "https://github.com/GEOSwift/GEOSwift.git",
      "state" : {
        "revision" : "2d23ede8c82c067655d3a9f0221bc73f08cd399a",
        "version" : "10.1.0"
      }
    },
    {
      "identity" : "turf-swift",
      "kind" : "remoteSourceControl",
      "location" : "https://github.com/mapbox/turf-swift.git",
      "state" : {
        "revision" : "213050191cfcb3d5aa76e1fa90c6ff1e182a42ca",
        "version" : "2.8.0"
      }
    }
  ],
  "version" : 2
}
